
Microsoft Visual Studio Solution File, Format Version 12.00
# Visual Studio Version 17
VisualStudioVersion = 17.14.37111.16
MinimumVisualStudioVersion = 10.0.40219.1
Project("{FAE04EC0-301F-11D3-BF4B-00C04F79EFBC}") = "COMP003B.SP26.FinalProject.VillagranR", "COMP003B.SP26.FinalProject.VillagranR\COMP003B.SP26.FinalProject.VillagranR.csproj", "{6A0DF97F-497B-48B9-8DDC-86FC828F124F}"
EndProject
Global
	GlobalSection(SolutionConfigurationPlatforms) = preSolution
		Debug|Any CPU = Debug|Any CPU
		Release|Any CPU = Release|Any CPU
	EndGlobalSection
	GlobalSection(ProjectConfigurationPlatforms) = postSolution
		{6A0DF97F-497B-48B9-8DDC-86FC828F124F}.Debug|Any CPU.ActiveCfg = Debug|Any CPU
		{6A0DF97F-497B-48B9-8DDC-86FC828F124F}.Debug|Any CPU.Build.0 = Debug|Any CPU
		{6A0DF97F-497B-48B9-8DDC-86FC828F124F}.Release|Any CPU.ActiveCfg = Release|Any CPU
		{6A0DF97F-497B-48B9-8DDC-86FC828F124F}.Release|Any CPU.Build.0 = Release|Any CPU
	EndGlobalSection
	GlobalSection(SolutionProperties) = preSolution
		HideSolutionNode = FALSE
	EndGlobalSection
	GlobalSection(ExtensibilityGlobals) = postSolution
		SolutionGuid = {B613F6F8-832A-4829-B44E-9A118BCB0ED6}
	EndGlobalSection
EndGlobal
